
Microsoft Visual Studio Solution File, Format Version 10.00
# Visual Studio 2008
Project("{FAE04EC0-301F-11D3-BF4B-00C04F79EFBC}") = "CSWinFormMultipleColumnComboBox", "CSWinFormMultipleColumnComboBox\CSWinFormMultipleColumnComboBox.csproj", "{5F4E1678-7565-4DC5-88DF-45C34B00EEF6}"
EndProject
Global
	GlobalSection(SolutionConfigurationPlatforms) = preSolution
		Debug|Any CPU = Debug|Any CPU
		Release|Any CPU = Release|Any CPU
	EndGlobalSection
	GlobalSection(ProjectConfigurationPlatforms) = postSolution
		{5F4E1678-7565-4DC5-88DF-45C34B00EEF6}.Debug|Any CPU.ActiveCfg = Debug|Any CPU
		{5F4E1678-7565-4DC5-88DF-45C34B00EEF6}.Debug|Any CPU.Build.0 = Debug|Any CPU
		{5F4E1678-7565-4DC5-88DF-45C34B00EEF6}.Release|Any CPU.ActiveCfg = Release|Any CPU
		{5F4E1678-7565-4DC5-88DF-45C34B00EEF6}.Release|Any CPU.Build.0 = Release|Any CPU
	EndGlobalSection
	GlobalSection(SolutionProperties) = preSolution
		HideSolutionNode = FALSE
	EndGlobalSection
EndGlobal
