
Microsoft Visual Studio Solution File, Format Version 10.00
# Visual Studio 2008
Project("{FAE04EC0-301F-11D3-BF4B-00C04F79EFBC}") = "CSWinFormDesignerCustomEditor", "CSWinFormDesignerCustomEditor\CSWinFormDesignerCustomEditor.csproj", "{6BC83E71-1BF1-44C8-98A0-E020E37D9C9A}"
EndProject
Global
	GlobalSection(SolutionConfigurationPlatforms) = preSolution
		Debug|Any CPU = Debug|Any CPU
		Release|Any CPU = Release|Any CPU
	EndGlobalSection
	GlobalSection(ProjectConfigurationPlatforms) = postSolution
		{6BC83E71-1BF1-44C8-98A0-E020E37D9C9A}.Debug|Any CPU.ActiveCfg = Debug|Any CPU
		{6BC83E71-1BF1-44C8-98A0-E020E37D9C9A}.Debug|Any CPU.Build.0 = Debug|Any CPU
		{6BC83E71-1BF1-44C8-98A0-E020E37D9C9A}.Release|Any CPU.ActiveCfg = Release|Any CPU
		{6BC83E71-1BF1-44C8-98A0-E020E37D9C9A}.Release|Any CPU.Build.0 = Release|Any CPU
	EndGlobalSection
	GlobalSection(SolutionProperties) = preSolution
		HideSolutionNode = FALSE
	EndGlobalSection
EndGlobal
