
Microsoft Visual Studio Solution File, Format Version 11.00
# Visual Studio 2010
Project("{FAE04EC0-301F-11D3-BF4B-00C04F79EFBC}") = "CSWPFMasterDetailBinding", "CSWPFMasterDetailBinding\CSWPFMasterDetailBinding.csproj", "{DA69EE14-5FBF-4E96-B8C4-B8FA3E0B7F41}"
EndProject
Global
	GlobalSection(TeamFoundationVersionControl) = preSolution
		SccNumberOfProjects = 2
		SccEnterpriseProvider = {4CA58AB2-18FA-4F8D-95D4-32DDF27D184C}
		SccTeamFoundationServer = http://onecode-tfsdev:8080/tfs/onecode
		SccLocalPath0 = .
		SccProjectUniqueName1 = CSWPFMasterDetailBinding\\CSWPFMasterDetailBinding.csproj
		SccProjectName1 = CSWPFMasterDetailBinding
		SccLocalPath1 = CSWPFMasterDetailBinding
	EndGlobalSection
	GlobalSection(SolutionConfigurationPlatforms) = preSolution
		Debug|Any CPU = Debug|Any CPU
		Release|Any CPU = Release|Any CPU
	EndGlobalSection
	GlobalSection(ProjectConfigurationPlatforms) = postSolution
		{DA69EE14-5FBF-4E96-B8C4-B8FA3E0B7F41}.Debug|Any CPU.ActiveCfg = Debug|Any CPU
		{DA69EE14-5FBF-4E96-B8C4-B8FA3E0B7F41}.Debug|Any CPU.Build.0 = Debug|Any CPU
		{DA69EE14-5FBF-4E96-B8C4-B8FA3E0B7F41}.Release|Any CPU.ActiveCfg = Release|Any CPU
		{DA69EE14-5FBF-4E96-B8C4-B8FA3E0B7F41}.Release|Any CPU.Build.0 = Release|Any CPU
	EndGlobalSection
	GlobalSection(SolutionProperties) = preSolution
		HideSolutionNode = FALSE
	EndGlobalSection
EndGlobal
