
Microsoft Visual Studio Solution File, Format Version 11.00
# Visual Studio 2010
Project("{F184B08F-C81C-45F6-A57F-5ABD9991F28F}") = "VBWebDownloadProgress", "VBWebDownloadProgress\VBWebDownloadProgress.vbproj", "{0195AB6D-B1D8-4FDE-9B4F-9FB6A982A257}"
EndProject
Global
	GlobalSection(SolutionConfigurationPlatforms) = preSolution
		Debug|Any CPU = Debug|Any CPU
		Debug|x86 = Debug|x86
		Release|Any CPU = Release|Any CPU
		Release|x86 = Release|x86
	EndGlobalSection
	GlobalSection(ProjectConfigurationPlatforms) = postSolution
		{0195AB6D-B1D8-4FDE-9B4F-9FB6A982A257}.Debug|Any CPU.ActiveCfg = Debug|Any CPU
		{0195AB6D-B1D8-4FDE-9B4F-9FB6A982A257}.Debug|Any CPU.Build.0 = Debug|Any CPU
		{0195AB6D-B1D8-4FDE-9B4F-9FB6A982A257}.Debug|x86.ActiveCfg = Debug|x86
		{0195AB6D-B1D8-4FDE-9B4F-9FB6A982A257}.Debug|x86.Build.0 = Debug|x86
		{0195AB6D-B1D8-4FDE-9B4F-9FB6A982A257}.Release|Any CPU.ActiveCfg = Release|Any CPU
		{0195AB6D-B1D8-4FDE-9B4F-9FB6A982A257}.Release|Any CPU.Build.0 = Release|Any CPU
		{0195AB6D-B1D8-4FDE-9B4F-9FB6A982A257}.Release|x86.ActiveCfg = Release|x86
		{0195AB6D-B1D8-4FDE-9B4F-9FB6A982A257}.Release|x86.Build.0 = Release|x86
	EndGlobalSection
	GlobalSection(SolutionProperties) = preSolution
		HideSolutionNode = FALSE
	EndGlobalSection
EndGlobal
